
Microsoft Visual Studio Solution File, Format Version 12.00
# Visual Studio Version 17
VisualStudioVersion = 17.8.34322.80
MinimumVisualStudioVersion = 10.0.40219.1
Project("{FAE04EC0-301F-11D3-BF4B-00C04F79EFBC}") = "Properties", "Properties\Properties.csproj", "{81CF7877-DD64-48F9-9AB8-4970BB71BED7}"
EndProject
Global
	GlobalSection(SolutionConfigurationPlatforms) = preSolution
		Debug|Any CPU = Debug|Any CPU
		Release|Any CPU = Release|Any CPU
	EndGlobalSection
	GlobalSection(ProjectConfigurationPlatforms) = postSolution
		{81CF7877-DD64-48F9-9AB8-4970BB71BED7}.Debug|Any CPU.ActiveCfg = Debug|Any CPU
		{81CF7877-DD64-48F9-9AB8-4970BB71BED7}.Debug|Any CPU.Build.0 = Debug|Any CPU
		{81CF7877-DD64-48F9-9AB8-4970BB71BED7}.Release|Any CPU.ActiveCfg = Release|Any CPU
		{81CF7877-DD64-48F9-9AB8-4970BB71BED7}.Release|Any CPU.Build.0 = Release|Any CPU
	EndGlobalSection
	GlobalSection(SolutionProperties) = preSolution
		HideSolutionNode = FALSE
	EndGlobalSection
	GlobalSection(ExtensibilityGlobals) = postSolution
		SolutionGuid = {D94F8001-C846-49AF-984D-B0A8759A88A7}
	EndGlobalSection
EndGlobal
