
Microsoft Visual Studio Solution File, Format Version 12.00
# Visual Studio Version 17
VisualStudioVersion = 17.8.34322.80
MinimumVisualStudioVersion = 10.0.40219.1
Project("{FAE04EC0-301F-11D3-BF4B-00C04F79EFBC}") = "Composition", "Composition\Composition.csproj", "{9BD686EC-CA0E-4AD3-86AA-ABCEA51898BE}"
EndProject
Global
	GlobalSection(SolutionConfigurationPlatforms) = preSolution
		Debug|Any CPU = Debug|Any CPU
		Release|Any CPU = Release|Any CPU
	EndGlobalSection
	GlobalSection(ProjectConfigurationPlatforms) = postSolution
		{9BD686EC-CA0E-4AD3-86AA-ABCEA51898BE}.Debug|Any CPU.ActiveCfg = Debug|Any CPU
		{9BD686EC-CA0E-4AD3-86AA-ABCEA51898BE}.Debug|Any CPU.Build.0 = Debug|Any CPU
		{9BD686EC-CA0E-4AD3-86AA-ABCEA51898BE}.Release|Any CPU.ActiveCfg = Release|Any CPU
		{9BD686EC-CA0E-4AD3-86AA-ABCEA51898BE}.Release|Any CPU.Build.0 = Release|Any CPU
	EndGlobalSection
	GlobalSection(SolutionProperties) = preSolution
		HideSolutionNode = FALSE
	EndGlobalSection
	GlobalSection(ExtensibilityGlobals) = postSolution
		SolutionGuid = {A682A39C-E34C-4552-ADDA-98053F40C4B6}
	EndGlobalSection
EndGlobal
