
Microsoft Visual Studio Solution File, Format Version 12.00
# Visual Studio Version 17
VisualStudioVersion = 17.8.34322.80
MinimumVisualStudioVersion = 10.0.40219.1
Project("{FAE04EC0-301F-11D3-BF4B-00C04F79EFBC}") = "Indexers", "Indexers\Indexers.csproj", "{A93F3B06-1E9A-4AB3-8071-895EAFA081FC}"
EndProject
Global
	GlobalSection(SolutionConfigurationPlatforms) = preSolution
		Debug|Any CPU = Debug|Any CPU
		Release|Any CPU = Release|Any CPU
	EndGlobalSection
	GlobalSection(ProjectConfigurationPlatforms) = postSolution
		{A93F3B06-1E9A-4AB3-8071-895EAFA081FC}.Debug|Any CPU.ActiveCfg = Debug|Any CPU
		{A93F3B06-1E9A-4AB3-8071-895EAFA081FC}.Debug|Any CPU.Build.0 = Debug|Any CPU
		{A93F3B06-1E9A-4AB3-8071-895EAFA081FC}.Release|Any CPU.ActiveCfg = Release|Any CPU
		{A93F3B06-1E9A-4AB3-8071-895EAFA081FC}.Release|Any CPU.Build.0 = Release|Any CPU
	EndGlobalSection
	GlobalSection(SolutionProperties) = preSolution
		HideSolutionNode = FALSE
	EndGlobalSection
	GlobalSection(ExtensibilityGlobals) = postSolution
		SolutionGuid = {F1D43D6E-564B-48D8-9B14-241D3F1B941B}
	EndGlobalSection
EndGlobal
