
Microsoft Visual Studio Solution File, Format Version 12.00
# Visual Studio Version 17
VisualStudioVersion = 17.8.34322.80
MinimumVisualStudioVersion = 10.0.40219.1
Project("{FAE04EC0-301F-11D3-BF4B-00C04F79EFBC}") = "Stopwatch", "Stopwatch\Stopwatch.csproj", "{884C9142-5ACE-4B35-8221-3A7550E846B1}"
EndProject
Global
	GlobalSection(SolutionConfigurationPlatforms) = preSolution
		Debug|Any CPU = Debug|Any CPU
		Release|Any CPU = Release|Any CPU
	EndGlobalSection
	GlobalSection(ProjectConfigurationPlatforms) = postSolution
		{884C9142-5ACE-4B35-8221-3A7550E846B1}.Debug|Any CPU.ActiveCfg = Debug|Any CPU
		{884C9142-5ACE-4B35-8221-3A7550E846B1}.Debug|Any CPU.Build.0 = Debug|Any CPU
		{884C9142-5ACE-4B35-8221-3A7550E846B1}.Release|Any CPU.ActiveCfg = Release|Any CPU
		{884C9142-5ACE-4B35-8221-3A7550E846B1}.Release|Any CPU.Build.0 = Release|Any CPU
	EndGlobalSection
	GlobalSection(SolutionProperties) = preSolution
		HideSolutionNode = FALSE
	EndGlobalSection
	GlobalSection(ExtensibilityGlobals) = postSolution
		SolutionGuid = {CC6615D9-2DA7-4A10-8F44-AC48114D7CCD}
	EndGlobalSection
EndGlobal
