
Microsoft Visual Studio Solution File, Format Version 12.00
# Visual Studio Version 17
VisualStudioVersion = 17.8.34322.80
MinimumVisualStudioVersion = 10.0.40219.1
Project("{FAE04EC0-301F-11D3-BF4B-00C04F79EFBC}") = "AbstractClasses", "AbstractClasses\AbstractClasses.csproj", "{1242CA1A-3C1C-4FCB-A599-D7FC708969B3}"
EndProject
Global
	GlobalSection(SolutionConfigurationPlatforms) = preSolution
		Debug|Any CPU = Debug|Any CPU
		Release|Any CPU = Release|Any CPU
	EndGlobalSection
	GlobalSection(ProjectConfigurationPlatforms) = postSolution
		{1242CA1A-3C1C-4FCB-A599-D7FC708969B3}.Debug|Any CPU.ActiveCfg = Debug|Any CPU
		{1242CA1A-3C1C-4FCB-A599-D7FC708969B3}.Debug|Any CPU.Build.0 = Debug|Any CPU
		{1242CA1A-3C1C-4FCB-A599-D7FC708969B3}.Release|Any CPU.ActiveCfg = Release|Any CPU
		{1242CA1A-3C1C-4FCB-A599-D7FC708969B3}.Release|Any CPU.Build.0 = Release|Any CPU
	EndGlobalSection
	GlobalSection(SolutionProperties) = preSolution
		HideSolutionNode = FALSE
	EndGlobalSection
	GlobalSection(ExtensibilityGlobals) = postSolution
		SolutionGuid = {82DB3F7B-2EEB-4E0D-B241-239BCA0DCF15}
	EndGlobalSection
EndGlobal
