
Microsoft Visual Studio Solution File, Format Version 12.00
# Visual Studio Version 17
VisualStudioVersion = 17.8.34322.80
MinimumVisualStudioVersion = 10.0.40219.1
Project("{FAE04EC0-301F-11D3-BF4B-00C04F79EFBC}") = "WpfApp1", "WpfApp1\WpfApp1.csproj", "{6FB99B54-DDD7-4882-BB2C-2A81CD1BD424}"
EndProject
Global
	GlobalSection(SolutionConfigurationPlatforms) = preSolution
		Debug|Any CPU = Debug|Any CPU
		Release|Any CPU = Release|Any CPU
	EndGlobalSection
	GlobalSection(ProjectConfigurationPlatforms) = postSolution
		{6FB99B54-DDD7-4882-BB2C-2A81CD1BD424}.Debug|Any CPU.ActiveCfg = Debug|Any CPU
		{6FB99B54-DDD7-4882-BB2C-2A81CD1BD424}.Debug|Any CPU.Build.0 = Debug|Any CPU
		{6FB99B54-DDD7-4882-BB2C-2A81CD1BD424}.Release|Any CPU.ActiveCfg = Release|Any CPU
		{6FB99B54-DDD7-4882-BB2C-2A81CD1BD424}.Release|Any CPU.Build.0 = Release|Any CPU
	EndGlobalSection
	GlobalSection(SolutionProperties) = preSolution
		HideSolutionNode = FALSE
	EndGlobalSection
	GlobalSection(ExtensibilityGlobals) = postSolution
		SolutionGuid = {5F649C33-A69C-4355-B8B6-FF5DB827A6A9}
	EndGlobalSection
EndGlobal
